// !$*UTF8*$!
{
	archiveVersion = 1;
	classes = {
	};
	objectVersion = 51;
	objects = {

/* Begin PBXBuildFile section */
		4D5496199C95C6A80340E06B /* Pods_RxSwift_UITableView.framework in Frameworks */ = {isa = PBXBuildFile; fileRef = FECA98855672DE905A7060F2 /* Pods_RxSwift_UITableView.framework */; };
		633B35112766BA1300DCAB03 /* AppDelegate.swift in Sources */ = {isa = PBXBuildFile; fileRef = 633B35102766BA1300DCAB03 /* AppDelegate.swift */; };
		633B35132766BA1300DCAB03 /* SceneDelegate.swift in Sources */ = {isa = PBXBuildFile; fileRef = 633B35122766BA1300DCAB03 /* SceneDelegate.swift */; };
		633B35152766BA1300DCAB03 /* ViewController.swift in Sources */ = {isa = PBXBuildFile; fileRef = 633B35142766BA1300DCAB03 /* ViewController.swift */; };
		633B35182766BA1300DCAB03 /* Main.storyboard in Resources */ = {isa = PBXBuildFile; fileRef = 633B35162766BA1300DCAB03 /* Main.storyboard */; };
		633B351A2766BA1500DCAB03 /* Assets.xcassets in Resources */ = {isa = PBXBuildFile; fileRef = 633B35192766BA1500DCAB03 /* Assets.xcassets */; };
		633B351D2766BA1500DCAB03 /* LaunchScreen.storyboard in Resources */ = {isa = PBXBuildFile; fileRef = 633B351B2766BA1500DCAB03 /* LaunchScreen.storyboard */; };
		636ECF5A2766C5610000AE40 /* RepositoryCell.swift in Sources */ = {isa = PBXBuildFile; fileRef = 636ECF582766C5610000AE40 /* RepositoryCell.swift */; };
		636ECF5B2766C5610000AE40 /* RepositoryCell.xib in Resources */ = {isa = PBXBuildFile; fileRef = 636ECF592766C5610000AE40 /* RepositoryCell.xib */; };
/* End PBXBuildFile section */

/* Begin PBXFileReference section */
		36C2B69C64229130BF63894C /* Pods-RxSwift+UITableView.release.xcconfig */ = {isa = PBXFileReference; includeInIndex = 1; lastKnownFileType = text.xcconfig; name = "Pods-RxSwift+UITableView.release.xcconfig"; path = "Target Support Files/Pods-RxSwift+UITableView/Pods-RxSwift+UITableView.release.xcconfig"; sourceTree = "<group>"; };
		633B350D2766BA1300DCAB03 /* RxSwift+UITableView.app */ = {isa = PBXFileReference; explicitFileType = wrapper.application; includeInIndex = 0; path = "RxSwift+UITableView.app"; sourceTree = BUILT_PRODUCTS_DIR; };
		633B35102766BA1300DCAB03 /* AppDelegate.swift */ = {isa = PBXFileReference; lastKnownFileType = sourcecode.swift; path = AppDelegate.swift; sourceTree = "<group>"; };
		633B35122766BA1300DCAB03 /* SceneDelegate.swift */ = {isa = PBXFileReference; lastKnownFileType = sourcecode.swift; path = SceneDelegate.swift; sourceTree = "<group>"; };
		633B35142766BA1300DCAB03 /* ViewController.swift */ = {isa = PBXFileReference; lastKnownFileType = sourcecode.swift; path = ViewController.swift; sourceTree = "<group>"; };
		633B35172766BA1300DCAB03 /* Base */ = {isa = PBXFileReference; lastKnownFileType = file.storyboard; name = Base; path = Base.lproj/Main.storyboard; sourceTree = "<group>"; };
		633B35192766BA1500DCAB03 /* Assets.xcassets */ = {isa = PBXFileReference; lastKnownFileType = folder.assetcatalog; path = Assets.xcassets; sourceTree = "<group>"; };
		633B351C2766BA1500DCAB03 /* Base */ = {isa = PBXFileReference; lastKnownFileType = file.storyboard; name = Base; path = Base.lproj/LaunchScreen.storyboard; sourceTree = "<group>"; };
		633B351E2766BA1500DCAB03 /* Info.plist */ = {isa = PBXFileReference; lastKnownFileType = text.plist.xml; path = Info.plist; sourceTree = "<group>"; };
		636ECF582766C5610000AE40 /* RepositoryCell.swift */ = {isa = PBXFileReference; lastKnownFileType = sourcecode.swift; path = RepositoryCell.swift; sourceTree = "<group>"; };
		636ECF592766C5610000AE40 /* RepositoryCell.xib */ = {isa = PBXFileReference; lastKnownFileType = file.xib; path = RepositoryCell.xib; sourceTree = "<group>"; };
		FDC116969AFD4B6A704E7C88 /* Pods-RxSwift+UITableView.debug.xcconfig */ = {isa = PBXFileReference; includeInIndex = 1; lastKnownFileType = text.xcconfig; name = "Pods-RxSwift+UITableView.debug.xcconfig"; path = "Target Support Files/Pods-RxSwift+UITableView/Pods-RxSwift+UITableView.debug.xcconfig"; sourceTree = "<group>"; };
		FECA98855672DE905A7060F2 /* Pods_RxSwift_UITableView.framework */ = {isa = PBXFileReference; explicitFileType = wrapper.framework; includeInIndex = 0; path = Pods_RxSwift_UITableView.framework; sourceTree = BUILT_PRODUCTS_DIR; };
/* End PBXFileReference section */

/* Begin PBXFrameworksBuildPhase section */
		633B350A2766BA1300DCAB03 /* Frameworks */ = {
			isa = PBXFrameworksBuildPhase;
			buildActionMask = 2147483647;
			files = (
				4D5496199C95C6A80340E06B /* Pods_RxSwift_UITableView.framework in Frameworks */,
			);
			runOnlyForDeploymentPostprocessing = 0;
		};
/* End PBXFrameworksBuildPhase section */

/* Begin PBXGroup section */
		016BF96B0A57E258E9DB2CFF /* Frameworks */ = {
			isa = PBXGroup;
			children = (
				FECA98855672DE905A7060F2 /* Pods_RxSwift_UITableView.framework */,
			);
			name = Frameworks;
			sourceTree = "<group>";
		};
		377F6D06926FE9A9F351C8BC /* Pods */ = {
			isa = PBXGroup;
			children = (
				FDC116969AFD4B6A704E7C88 /* Pods-RxSwift+UITableView.debug.xcconfig */,
				36C2B69C64229130BF63894C /* Pods-RxSwift+UITableView.release.xcconfig */,
			);
			path = Pods;
			sourceTree = "<group>";
		};
		633B35042766BA1300DCAB03 = {
			isa = PBXGroup;
			children = (
				633B350F2766BA1300DCAB03 /* RxSwift+UITableView */,
				633B350E2766BA1300DCAB03 /* Products */,
				377F6D06926FE9A9F351C8BC /* Pods */,
				016BF96B0A57E258E9DB2CFF /* Frameworks */,
			);
			sourceTree = "<group>";
		};
		633B350E2766BA1300DCAB03 /* Products */ = {
			isa = PBXGroup;
			children = (
				633B350D2766BA1300DCAB03 /* RxSwift+UITableView.app */,
			);
			name = Products;
			sourceTree = "<group>";
		};
		633B350F2766BA1300DCAB03 /* RxSwift+UITableView */ = {
			isa = PBXGroup;
			children = (
				633B35102766BA1300DCAB03 /* AppDelegate.swift */,
				633B35122766BA1300DCAB03 /* SceneDelegate.swift */,
				633B35142766BA1300DCAB03 /* ViewController.swift */,
				633B35162766BA1300DCAB03 /* Main.storyboard */,
				636ECF582766C5610000AE40 /* RepositoryCell.swift */,
				636ECF592766C5610000AE40 /* RepositoryCell.xib */,
				633B35192766BA1500DCAB03 /* Assets.xcassets */,
				633B351B2766BA1500DCAB03 /* LaunchScreen.storyboard */,
				633B351E2766BA1500DCAB03 /* Info.plist */,
			);
			path = "RxSwift+UITableView";
			sourceTree = "<group>";
		};
/* End PBXGroup section */

/* Begin PBXNativeTarget section */
		633B350C2766BA1300DCAB03 /* RxSwift+UITableView */ = {
			isa = PBXNativeTarget;
			buildConfigurationList = 633B35212766BA1500DCAB03 /* Build configuration list for PBXNativeTarget "RxSwift+UITableView" */;
			buildPhases = (
				3DDB76B5ED50AAD1A1A039CE /* [CP] Check Pods Manifest.lock */,
				633B35092766BA1300DCAB03 /* Sources */,
				633B350A2766BA1300DCAB03 /* Frameworks */,
				633B350B2766BA1300DCAB03 /* Resources */,
				9355B12F4D3BB75480B0079B /* [CP] Embed Pods Frameworks */,
			);
			buildRules = (
			);
			dependencies = (
			);
			name = "RxSwift+UITableView";
			productName = "RxSwift+UITableView";
			productReference = 633B350D2766BA1300DCAB03 /* RxSwift+UITableView.app */;
			productType = "com.apple.product-type.application";
		};
/* End PBXNativeTarget section */

/* Begin PBXProject section */
		633B35052766BA1300DCAB03 /* Project object */ = {
			isa = PBXProject;
			attributes = {
				LastSwiftUpdateCheck = 1250;
				LastUpgradeCheck = 1250;
				TargetAttributes = {
					633B350C2766BA1300DCAB03 = {
						CreatedOnToolsVersion = 12.5.1;
					};
				};
			};
			buildConfigurationList = 633B35082766BA1300DCAB03 /* Build configuration list for PBXProject "RxSwift+UITableView" */;
			compatibilityVersion = "Xcode 9.3";
			developmentRegion = en;
			hasScannedForEncodings = 0;
			knownRegions = (
				en,
				Base,
			);
			mainGroup = 633B35042766BA1300DCAB03;
			productRefGroup = 633B350E2766BA1300DCAB03 /* Products */;
			projectDirPath = "";
			projectRoot = "";
			targets = (
				633B350C2766BA1300DCAB03 /* RxSwift+UITableView */,
			);
		};
/* End PBXProject section */

/* Begin PBXResourcesBuildPhase section */
		633B350B2766BA1300DCAB03 /* Resources */ = {
			isa = PBXResourcesBuildPhase;
			buildActionMask = 2147483647;
			files = (
				633B351D2766BA1500DCAB03 /* LaunchScreen.storyboard in Resources */,
				633B351A2766BA1500DCAB03 /* Assets.xcassets in Resources */,
				633B35182766BA1300DCAB03 /* Main.storyboard in Resources */,
				636ECF5B2766C5610000AE40 /* RepositoryCell.xib in Resources */,
			);
			runOnlyForDeploymentPostprocessing = 0;
		};
/* End PBXResourcesBuildPhase section */

/* Begin PBXShellScriptBuildPhase section */
		3DDB76B5ED50AAD1A1A039CE /* [CP] Check Pods Manifest.lock */ = {
			isa = PBXShellScriptBuildPhase;
			buildActionMask = 2147483647;
			files = (
			);
			inputFileListPaths = (
			);
			inputPaths = (
				"${PODS_PODFILE_DIR_PATH}/Podfile.lock",
				"${PODS_ROOT}/Manifest.lock",
			);
			name = "[CP] Check Pods Manifest.lock";
			outputFileListPaths = (
			);
			outputPaths = (
				"$(DERIVED_FILE_DIR)/Pods-RxSwift+UITableView-checkManifestLockResult.txt",
			);
			runOnlyForDeploymentPostprocessing = 0;
			shellPath = /bin/sh;
			shellScript = "diff \"${PODS_PODFILE_DIR_PATH}/Podfile.lock\" \"${PODS_ROOT}/Manifest.lock\" > /dev/null\nif [ $? != 0 ] ; then\n    # print error to STDERR\n    echo \"error: The sandbox is not in sync with the Podfile.lock. Run 'pod install' or update your CocoaPods installation.\" >&2\n    exit 1\nfi\n# This output is used by Xcode 'outputs' to avoid re-running this script phase.\necho \"SUCCESS\" > \"${SCRIPT_OUTPUT_FILE_0}\"\n";
			showEnvVarsInLog = 0;
		};
		9355B12F4D3BB75480B0079B /* [CP] Embed Pods Frameworks */ = {
			isa = PBXShellScriptBuildPhase;
			buildActionMask = 2147483647;
			files = (
			);
			inputFileListPaths = (
				"${PODS_ROOT}/Target Support Files/Pods-RxSwift+UITableView/Pods-RxSwift+UITableView-frameworks-${CONFIGURATION}-input-files.xcfilelist",
			);
			name = "[CP] Embed Pods Frameworks";
			outputFileListPaths = (
				"${PODS_ROOT}/Target Support Files/Pods-RxSwift+UITableView/Pods-RxSwift+UITableView-frameworks-${CONFIGURATION}-output-files.xcfilelist",
			);
			runOnlyForDeploymentPostprocessing = 0;
			shellPath = /bin/sh;
			shellScript = "\"${PODS_ROOT}/Target Support Files/Pods-RxSwift+UITableView/Pods-RxSwift+UITableView-frameworks.sh\"\n";
			showEnvVarsInLog = 0;
		};
/* End PBXShellScriptBuildPhase section */

/* Begin PBXSourcesBuildPhase section */
		633B35092766BA1300DCAB03 /* Sources */ = {
			isa = PBXSourcesBuildPhase;
			buildActionMask = 2147483647;
			files = (
				633B35152766BA1300DCAB03 /* ViewController.swift in Sources */,
				633B35112766BA1300DCAB03 /* AppDelegate.swift in Sources */,
				633B35132766BA1300DCAB03 /* SceneDelegate.swift in Sources */,
				636ECF5A2766C5610000AE40 /* RepositoryCell.swift in Sources */,
			);
			runOnlyForDeploymentPostprocessing = 0;
		};
/* End PBXSourcesBuildPhase section */

/* Begin PBXVariantGroup section */
		633B35162766BA1300DCAB03 /* Main.storyboard */ = {
			isa = PBXVariantGroup;
			children = (
				633B35172766BA1300DCAB03 /* Base */,
			);
			name = Main.storyboard;
			sourceTree = "<group>";
		};
		633B351B2766BA1500DCAB03 /* LaunchScreen.storyboard */ = {
			isa = PBXVariantGroup;
			children = (
				633B351C2766BA1500DCAB03 /* Base */,
			);
			name = LaunchScreen.storyboard;
			sourceTree = "<group>";
		};
/* End PBXVariantGroup section */

/* Begin XCBuildConfiguration section */
		633B351F2766BA1500DCAB03 /* Debug */ = {
			isa = XCBuildConfiguration;
			buildSettings = {
				ALWAYS_SEARCH_USER_PATHS = NO;
				CLANG_ANALYZER_NONNULL = YES;
				CLANG_ANALYZER_NUMBER_OBJECT_CONVERSION = YES_AGGRESSIVE;
				CLANG_CXX_LANGUAGE_STANDARD = "gnu++14";
				CLANG_CXX_LIBRARY = "libc++";
				CLANG_ENABLE_MODULES = YES;
				CLANG_ENABLE_OBJC_ARC = YES;
				CLANG_ENABLE_OBJC_WEAK = YES;
				CLANG_WARN_BLOCK_CAPTURE_AUTORELEASING = YES;
				CLANG_WARN_BOOL_CONVERSION = YES;
				CLANG_WARN_COMMA = YES;
				CLANG_WARN_CONSTANT_CONVERSION = YES;
				CLANG_WARN_DEPRECATED_OBJC_IMPLEMENTATIONS = YES;
				CLANG_WARN_DIRECT_OBJC_ISA_USAGE = YES_ERROR;
				CLANG_WARN_DOCUMENTATION_COMMENTS = YES;
				CLANG_WARN_EMPTY_BODY = YES;
				CLANG_WARN_ENUM_CONVERSION = YES;
				CLANG_WARN_INFINITE_RECURSION = YES;
				CLANG_WARN_INT_CONVERSION = YES;
				CLANG_WARN_NON_LITERAL_NULL_CONVERSION = YES;
				CLANG_WARN_OBJC_IMPLICIT_RETAIN_SELF = YES;
				CLANG_WARN_OBJC_LITERAL_CONVERSION = YES;
				CLANG_WARN_OBJC_ROOT_CLASS = YES_ERROR;
				CLANG_WARN_QUOTED_INCLUDE_IN_FRAMEWORK_HEADER = YES;
				CLANG_WARN_RANGE_LOOP_ANALYSIS = YES;
				CLANG_WARN_STRICT_PROTOTYPES = YES;
				CLANG_WARN_SUSPICIOUS_MOVE = YES;
				CLANG_WARN_UNGUARDED_AVAILABILITY = YES_AGGRESSIVE;
				CLANG_WARN_UNREACHABLE_CODE = YES;
				CLANG_WARN__DUPLICATE_METHOD_MATCH = YES;
				COPY_PHASE_STRIP = NO;
				DEBUG_INFORMATION_FORMAT = dwarf;
				ENABLE_STRICT_OBJC_MSGSEND = YES;
				ENABLE_TESTABILITY = YES;
				GCC_C_LANGUAGE_STANDARD = gnu11;
				GCC_DYNAMIC_NO_PIC = NO;
				GCC_NO_COMMON_BLOCKS = YES;
				GCC_OPTIMIZATION_LEVEL = 0;
				GCC_PREPROCESSOR_DEFINITIONS = (
					"DEBUG=1",
					"$(inherited)",
				);
				GCC_WARN_64_TO_32_BIT_CONVERSION = YES;
				GCC_WARN_ABOUT_RETURN_TYPE = YES_ERROR;
				GCC_WARN_UNDECLARED_SELECTOR = YES;
				GCC_WARN_UNINITIALIZED_AUTOS = YES_AGGRESSIVE;
				GCC_WARN_UNUSED_FUNCTION = YES;
				GCC_WARN_UNUSED_VARIABLE = YES;
				IPHONEOS_DEPLOYMENT_TARGET = 14.5;
				MTL_ENABLE_DEBUG_INFO = INCLUDE_SOURCE;
				MTL_FAST_MATH = YES;
				ONLY_ACTIVE_ARCH = YES;
				SDKROOT = iphoneos;
				SWIFT_ACTIVE_COMPILATION_CONDITIONS = DEBUG;
				SWIFT_OPTIMIZATION_LEVEL = "-Onone";
			};
			name = Debug;
		};
		633B35202766BA1500DCAB03 /* Release */ = {
			isa = XCBuildConfiguration;
			buildSettings = {
				ALWAYS_SEARCH_USER_PATHS = NO;
				CLANG_ANALYZER_NONNULL = YES;
				CLANG_ANALYZER_NUMBER_OBJECT_CONVERSION = YES_AGGRESSIVE;
				CLANG_CXX_LANGUAGE_STANDARD = "gnu++14";
				CLANG_CXX_LIBRARY = "libc++";
				CLANG_ENABLE_MODULES = YES;
				CLANG_ENABLE_OBJC_ARC = YES;
				CLANG_ENABLE_OBJC_WEAK = YES;
				CLANG_WARN_BLOCK_CAPTURE_AUTORELEASING = YES;
				CLANG_WARN_BOOL_CONVERSION = YES;
				CLANG_WARN_COMMA = YES;
				CLANG_WARN_CONSTANT_CONVERSION = YES;
				CLANG_WARN_DEPRECATED_OBJC_IMPLEMENTATIONS = YES;
				CLANG_WARN_DIRECT_OBJC_ISA_USAGE = YES_ERROR;
				CLANG_WARN_DOCUMENTATION_COMMENTS = YES;
				CLANG_WARN_EMPTY_BODY = YES;
				CLANG_WARN_ENUM_CONVERSION = YES;
				CLANG_WARN_INFINITE_RECURSION = YES;
				CLANG_WARN_INT_CONVERSION = YES;
				CLANG_WARN_NON_LITERAL_NULL_CONVERSION = YES;
				CLANG_WARN_OBJC_IMPLICIT_RETAIN_SELF = YES;
				CLANG_WARN_OBJC_LITERAL_CONVERSION = YES;
				CLANG_WARN_OBJC_ROOT_CLASS = YES_ERROR;
				CLANG_WARN_QUOTED_INCLUDE_IN_FRAMEWORK_HEADER = YES;
				CLANG_WARN_RANGE_LOOP_ANALYSIS = YES;
				CLANG_WARN_STRICT_PROTOTYPES = YES;
				CLANG_WARN_SUSPICIOUS_MOVE = YES;
				CLANG_WARN_UNGUARDED_AVAILABILITY = YES_AGGRESSIVE;
				CLANG_WARN_UNREACHABLE_CODE = YES;
				CLANG_WARN__DUPLICATE_METHOD_MATCH = YES;
				COPY_PHASE_STRIP = NO;
				DEBUG_INFORMATION_FORMAT = "dwarf-with-dsym";
				ENABLE_NS_ASSERTIONS = NO;
				ENABLE_STRICT_OBJC_MSGSEND = YES;
				GCC_C_LANGUAGE_STANDARD = gnu11;
				GCC_NO_COMMON_BLOCKS = YES;
				GCC_WARN_64_TO_32_BIT_CONVERSION = YES;
				GCC_WARN_ABOUT_RETURN_TYPE = YES_ERROR;
				GCC_WARN_UNDECLARED_SELECTOR = YES;
				GCC_WARN_UNINITIALIZED_AUTOS = YES_AGGRESSIVE;
				GCC_WARN_UNUSED_FUNCTION = YES;
				GCC_WARN_UNUSED_VARIABLE = YES;
				IPHONEOS_DEPLOYMENT_TARGET = 14.5;
				MTL_ENABLE_DEBUG_INFO = NO;
				MTL_FAST_MATH = YES;
				SDKROOT = iphoneos;
				SWIFT_COMPILATION_MODE = wholemodule;
				SWIFT_OPTIMIZATION_LEVEL = "-O";
				VALIDATE_PRODUCT = YES;
			};
			name = Release;
		};
		633B35222766BA1500DCAB03 /* Debug */ = {
			isa = XCBuildConfiguration;
			baseConfigurationReference = FDC116969AFD4B6A704E7C88 /* Pods-RxSwift+UITableView.debug.xcconfig */;
			buildSettings = {
				ASSETCATALOG_COMPILER_APPICON_NAME = AppIcon;
				ASSETCATALOG_COMPILER_GLOBAL_ACCENT_COLOR_NAME = AccentColor;
				CODE_SIGN_STYLE = Automatic;
				DEVELOPMENT_TEAM = Q8TDW5YY5Q;
				INFOPLIST_FILE = "RxSwift+UITableView/Info.plist";
				LD_RUNPATH_SEARCH_PATHS = (
					"$(inherited)",
					"@executable_path/Frameworks",
				);
				PRODUCT_BUNDLE_IDENTIFIER = "jp.medcierge.RxSwift-UITableView";
				PRODUCT_NAME = "$(TARGET_NAME)";
				SWIFT_VERSION = 5.0;
				TARGETED_DEVICE_FAMILY = "1,2";
			};
			name = Debug;
		};
		633B35232766BA1500DCAB03 /* Release */ = {
			isa = XCBuildConfiguration;
			baseConfigurationReference = 36C2B69C64229130BF63894C /* Pods-RxSwift+UITableView.release.xcconfig */;
			buildSettings = {
				ASSETCATALOG_COMPILER_APPICON_NAME = AppIcon;
				ASSETCATALOG_COMPILER_GLOBAL_ACCENT_COLOR_NAME = AccentColor;
				CODE_SIGN_STYLE = Automatic;
				DEVELOPMENT_TEAM = Q8TDW5YY5Q;
				INFOPLIST_FILE = "RxSwift+UITableView/Info.plist";
				LD_RUNPATH_SEARCH_PATHS = (
					"$(inherited)",
					"@executable_path/Frameworks",
				);
				PRODUCT_BUNDLE_IDENTIFIER = "jp.medcierge.RxSwift-UITableView";
				PRODUCT_NAME = "$(TARGET_NAME)";
				SWIFT_VERSION = 5.0;
				TARGETED_DEVICE_FAMILY = "1,2";
			};
			name = Release;
		};
/* End XCBuildConfiguration section */

/* Begin XCConfigurationList section */
		633B35082766BA1300DCAB03 /* Build configuration list for PBXProject "RxSwift+UITableView" */ = {
			isa = XCConfigurationList;
			buildConfigurations = (
				633B351F2766BA1500DCAB03 /* Debug */,
				633B35202766BA1500DCAB03 /* Release */,
			);
			defaultConfigurationIsVisible = 0;
			defaultConfigurationName = Release;
		};
		633B35212766BA1500DCAB03 /* Build configuration list for PBXNativeTarget "RxSwift+UITableView" */ = {
			isa = XCConfigurationList;
			buildConfigurations = (
				633B35222766BA1500DCAB03 /* Debug */,
				633B35232766BA1500DCAB03 /* Release */,
			);
			defaultConfigurationIsVisible = 0;
			defaultConfigurationName = Release;
		};
/* End XCConfigurationList section */
	};
	rootObject = 633B35052766BA1300DCAB03 /* Project object */;
}
